
Microsoft Visual Studio Solution File, Format Version 12.00
# Visual Studio Version 17
VisualStudioVersion = 17.0.31919.166
MinimumVisualStudioVersion = 10.0.40219.1
Project("{9A19103F-16F7-4668-BE54-9A1E7A4F7556}") = "ToDoAPI", "ToDoAPI.csproj", "{420685C8-D4CE-466F-9833-1A0536F085D0}"
EndProject
Global
	GlobalSection(SolutionConfigurationPlatforms) = preSolution
		Debug|Any CPU = Debug|Any CPU
		Release|Any CPU = Release|Any CPU
	EndGlobalSection
	GlobalSection(ProjectConfigurationPlatforms) = postSolution
		{420685C8-D4CE-466F-9833-1A0536F085D0}.Debug|Any CPU.ActiveCfg = Debug|Any CPU
		{420685C8-D4CE-466F-9833-1A0536F085D0}.Debug|Any CPU.Build.0 = Debug|Any CPU
		{420685C8-D4CE-466F-9833-1A0536F085D0}.Release|Any CPU.ActiveCfg = Release|Any CPU
		{420685C8-D4CE-466F-9833-1A0536F085D0}.Release|Any CPU.Build.0 = Release|Any CPU
	EndGlobalSection
	GlobalSection(SolutionProperties) = preSolution
		HideSolutionNode = FALSE
	EndGlobalSection
	GlobalSection(ExtensibilityGlobals) = postSolution
		SolutionGuid = {76426A8A-794A-463E-A322-6945E1A94329}
	EndGlobalSection
EndGlobal
